# THIS IS AN AUTOGENERATED FILE. DO NOT EDIT THIS FILE DIRECTLY.
# yarn lockfile v1


jwt-simple@^0.5.6:
  version "0.5.6"
  resolved "https://registry.yarnpkg.com/jwt-simple/-/jwt-simple-0.5.6.tgz#3357adec55b26547114157be66748995b75b333a"
  integrity sha512-40aUybvhH9t2h71ncA1/1SbtTNCVZHgsTsTgqPUxGWDmUDrXyDf2wMNQKEbdBjbf4AI+fQhbECNTV6lWxQKUzg==

qs@^6.9.1:
  version "6.9.4"
  resolved "https://registry.yarnpkg.com/qs/-/qs-6.9.4.tgz#9090b290d1f91728d3c22e54843ca44aea5ab687"
  integrity sha512-A1kFqHekCTM7cz0udomYUoYNWjBebHm/5wzU/XqrBRBNWectVH0QIiN+NEcZ0Dte5hvzHwbr8+XQmguPhJ6WdQ==

tunnel@0.0.6:
  version "0.0.6"
  resolved "https://registry.yarnpkg.com/tunnel/-/tunnel-0.0.6.tgz#72f1314b34a5b192db012324df2cc587ca47f92c"
  integrity sha512-1h/Lnq9yajKY2PEbBadPXj3VxsDDu844OnaAo52UVmIzIvwwtBPIuNvkjuzBlTWpfJyUbG3ez0KSBibQkj4ojg==

typed-rest-client@^1.7.3:
  version "1.7.3"
  resolved "https://registry.yarnpkg.com/typed-rest-client/-/typed-rest-client-1.7.3.tgz#1beb263b86b14d34596f6127c6172dd5fd652e7b"
  integrity sha512-CwTpx/TkRHGZoHkJhBcp4X8K3/WtlzSHVQR0OIFnt10j4tgy4ypgq/SrrgVpA1s6tAL49Q6J3R5C0Cgfh2ddqA==
  dependencies:
    qs "^6.9.1"
    tunnel "0.0.6"
    underscore "1.8.3"

typescript@^4.0.2:
  version "4.0.2"
  resolved "https://registry.yarnpkg.com/typescript/-/typescript-4.0.2.tgz#7ea7c88777c723c681e33bf7988be5d008d05ac2"
  integrity sha512-e4ERvRV2wb+rRZ/IQeb3jm2VxBsirQLpQhdxplZ2MEzGvDkkMmPglecnNDfSUBivMjP93vRbngYYDQqQ/78bcQ==

underscore@1.8.3:
  version "1.8.3"
  resolved "https://registry.yarnpkg.com/underscore/-/underscore-1.8.3.tgz#4f3fb53b106e6097fcf9cb4109f2a5e9bdfa5022"
  integrity sha1-Tz+1OxBuYJf8+ctBCfKl6b36UCI=
